
Microsoft Visual Studio Solution File, Format Version 12.00
# Visual Studio Version 17
VisualStudioVersion = 17.3.32929.385
MinimumVisualStudioVersion = 10.0.40219.1
Project("{FAE04EC0-301F-11D3-BF4B-00C04F79EFBC}") = "HIS.APP", "HIS.APP\HIS.APP.csproj", "{138AEDCF-3A19-47F0-A161-EF42387061BC}"
EndProject
Global
	GlobalSection(SolutionConfigurationPlatforms) = preSolution
		Debug|Any CPU = Debug|Any CPU
		Release|Any CPU = Release|Any CPU
	EndGlobalSection
	GlobalSection(ProjectConfigurationPlatforms) = postSolution
		{138AEDCF-3A19-47F0-A161-EF42387061BC}.Debug|Any CPU.ActiveCfg = Debug|Any CPU
		{138AEDCF-3A19-47F0-A161-EF42387061BC}.Debug|Any CPU.Build.0 = Debug|Any CPU
		{138AEDCF-3A19-47F0-A161-EF42387061BC}.Release|Any CPU.ActiveCfg = Release|Any CPU
		{138AEDCF-3A19-47F0-A161-EF42387061BC}.Release|Any CPU.Build.0 = Release|Any CPU
	EndGlobalSection
	GlobalSection(SolutionProperties) = preSolution
		HideSolutionNode = FALSE
	EndGlobalSection
	GlobalSection(ExtensibilityGlobals) = postSolution
		SolutionGuid = {CAC287DB-DAC3-4DD0-B618-6E65043650FB}
	EndGlobalSection
EndGlobal
